// !$*UTF8*$!
{
	archiveVersion = 1;
	classes = {
	};
	objectVersion = 46;
	objects = {

/* Begin PBXBuildFile section */
		313C066F1F098DA100BEA738 /* AppDelegate.swift in Sources */ = {isa = PBXBuildFile; fileRef = 313C066E1F098DA100BEA738 /* AppDelegate.swift */; };
		313C06711F098DA100BEA738 /* ViewController.swift in Sources */ = {isa = PBXBuildFile; fileRef = 313C06701F098DA100BEA738 /* ViewController.swift */; };
		313C06741F098DA100BEA738 /* Main.storyboard in Resources */ = {isa = PBXBuildFile; fileRef = 313C06721F098DA100BEA738 /* Main.storyboard */; };
		313C06761F098DA100BEA738 /* Assets.xcassets in Resources */ = {isa = PBXBuildFile; fileRef = 313C06751F098DA100BEA738 /* Assets.xcassets */; };
		313C06791F098DA100BEA738 /* LaunchScreen.storyboard in Resources */ = {isa = PBXBuildFile; fileRef = 313C06771F098DA100BEA738 /* LaunchScreen.storyboard */; };
/* End PBXBuildFile section */

/* Begin PBXFileReference section */
		313C066B1F098DA100BEA738 /* nestedStackViews.app */ = {isa = PBXFileReference; explicitFileType = wrapper.application; includeInIndex = 0; path = nestedStackViews.app; sourceTree = BUILT_PRODUCTS_DIR; };
		313C066E1F098DA100BEA738 /* AppDelegate.swift */ = {isa = PBXFileReference; lastKnownFileType = sourcecode.swift; path = AppDelegate.swift; sourceTree = "<group>"; };
		313C06701F098DA100BEA738 /* ViewController.swift */ = {isa = PBXFileReference; lastKnownFileType = sourcecode.swift; path = ViewController.swift; sourceTree = "<group>"; };
		313C06731F098DA100BEA738 /* Base */ = {isa = PBXFileReference; lastKnownFileType = file.storyboard; name = Base; path = Base.lproj/Main.storyboard; sourceTree = "<group>"; };
		313C06751F098DA100BEA738 /* Assets.xcassets */ = {isa = PBXFileReference; lastKnownFileType = folder.assetcatalog; path = Assets.xcassets; sourceTree = "<group>"; };
		313C06781F098DA100BEA738 /* Base */ = {isa = PBXFileReference; lastKnownFileType = file.storyboard; name = Base; path = Base.lproj/LaunchScreen.storyboard; sourceTree = "<group>"; };
		313C067A1F098DA100BEA738 /* Info.plist */ = {isa = PBXFileReference; lastKnownFileType = text.plist.xml; path = Info.plist; sourceTree = "<group>"; };
/* End PBXFileReference section */

/* Begin PBXFrameworksBuildPhase section */
		313C06681F098DA100BEA738 /* Frameworks */ = {
			isa = PBXFrameworksBuildPhase;
			buildActionMask = 2147483647;
			files = (
			);
			runOnlyForDeploymentPostprocessing = 0;
		};
/* End PBXFrameworksBuildPhase section */

/* Begin PBXGroup section */
		313C06621F098DA100BEA738 = {
			isa = PBXGroup;
			children = (
				313C066D1F098DA100BEA738 /* nestedStackViews */,
				313C066C1F098DA100BEA738 /* Products */,
			);
			sourceTree = "<group>";
		};
		313C066C1F098DA100BEA738 /* Products */ = {
			isa = PBXGroup;
			children = (
				313C066B1F098DA100BEA738 /* nestedStackViews.app */,
			);
			name = Products;
			sourceTree = "<group>";
		};
		313C066D1F098DA100BEA738 /* nestedStackViews */ = {
			isa = PBXGroup;
			children = (
				313C066E1F098DA100BEA738 /* AppDelegate.swift */,
				313C06701F098DA100BEA738 /* ViewController.swift */,
				313C06721F098DA100BEA738 /* Main.storyboard */,
				313C06751F098DA100BEA738 /* Assets.xcassets */,
				313C06771F098DA100BEA738 /* LaunchScreen.storyboard */,
				313C067A1F098DA100BEA738 /* Info.plist */,
			);
			path = nestedStackViews;
			sourceTree = "<group>";
		};
/* End PBXGroup section */

/* Begin PBXNativeTarget section */
		313C066A1F098DA100BEA738 /* nestedStackViews */ = {
			isa = PBXNativeTarget;
			buildConfigurationList = 313C067D1F098DA100BEA738 /* Build configuration list for PBXNativeTarget "nestedStackViews" */;
			buildPhases = (
				313C06671F098DA100BEA738 /* Sources */,
				313C06681F098DA100BEA738 /* Frameworks */,
				313C06691F098DA100BEA738 /* Resources */,
			);
			buildRules = (
			);
			dependencies = (
			);
			name = nestedStackViews;
			productName = nestedStackViews;
			productReference = 313C066B1F098DA100BEA738 /* nestedStackViews.app */;
			productType = "com.apple.product-type.application";
		};
/* End PBXNativeTarget section */

/* Begin PBXProject section */
		313C06631F098DA100BEA738 /* Project object */ = {
			isa = PBXProject;
			attributes = {
				LastSwiftUpdateCheck = 0830;
				LastUpgradeCheck = 0830;
				ORGANIZATIONNAME = "Rob Mayoff";
				TargetAttributes = {
					313C066A1F098DA100BEA738 = {
						CreatedOnToolsVersion = 8.3.3;
						DevelopmentTeam = GVBKTM899S;
						ProvisioningStyle = Automatic;
					};
				};
			};
			buildConfigurationList = 313C06661F098DA100BEA738 /* Build configuration list for PBXProject "nestedStackViews" */;
			compatibilityVersion = "Xcode 3.2";
			developmentRegion = English;
			hasScannedForEncodings = 0;
			knownRegions = (
				en,
				Base,
			);
			mainGroup = 313C06621F098DA100BEA738;
			productRefGroup = 313C066C1F098DA100BEA738 /* Products */;
			projectDirPath = "";
			projectRoot = "";
			targets = (
				313C066A1F098DA100BEA738 /* nestedStackViews */,
			);
		};
/* End PBXProject section */

/* Begin PBXResourcesBuildPhase section */
		313C06691F098DA100BEA738 /* Resources */ = {
			isa = PBXResourcesBuildPhase;
			buildActionMask = 2147483647;
			files = (
				313C06791F098DA100BEA738 /* LaunchScreen.storyboard in Resources */,
				313C06761F098DA100BEA738 /* Assets.xcassets in Resources */,
				313C06741F098DA100BEA738 /* Main.storyboard in Resources */,
			);
			runOnlyForDeploymentPostprocessing = 0;
		};
/* End PBXResourcesBuildPhase section */

/* Begin PBXSourcesBuildPhase section */
		313C06671F098DA100BEA738 /* Sources */ = {
			isa = PBXSourcesBuildPhase;
			buildActionMask = 2147483647;
			files = (
				313C06711F098DA100BEA738 /* ViewController.swift in Sources */,
				313C066F1F098DA100BEA738 /* AppDelegate.swift in Sources */,
			);
			runOnlyForDeploymentPostprocessing = 0;
		};
/* End PBXSourcesBuildPhase section */

/* Begin PBXVariantGroup section */
		313C06721F098DA100BEA738 /* Main.storyboard */ = {
			isa = PBXVariantGroup;
			children = (
				313C06731F098DA100BEA738 /* Base */,
			);
			name = Main.storyboard;
			sourceTree = "<group>";
		};
		313C06771F098DA100BEA738 /* LaunchScreen.storyboard */ = {
			isa = PBXVariantGroup;
			children = (
				313C06781F098DA100BEA738 /* Base */,
			);
			name = LaunchScreen.storyboard;
			sourceTree = "<group>";
		};
/* End PBXVariantGroup section */

/* Begin XCBuildConfiguration section */
		313C067B1F098DA100BEA738 /* Debug */ = {
			isa = XCBuildConfiguration;
			buildSettings = {
				ALWAYS_SEARCH_USER_PATHS = NO;
				CLANG_ANALYZER_NONNULL = YES;
				CLANG_ANALYZER_NUMBER_OBJECT_CONVERSION = YES_AGGRESSIVE;
				CLANG_CXX_LANGUAGE_STANDARD = "gnu++0x";
				CLANG_CXX_LIBRARY = "libc++";
				CLANG_ENABLE_MODULES = YES;
				CLANG_ENABLE_OBJC_ARC = YES;
				CLANG_WARN_BOOL_CONVERSION = YES;
				CLANG_WARN_CONSTANT_CONVERSION = YES;
				CLANG_WARN_DIRECT_OBJC_ISA_USAGE = YES_ERROR;
				CLANG_WARN_DOCUMENTATION_COMMENTS = YES;
				CLANG_WARN_EMPTY_BODY = YES;
				CLANG_WARN_ENUM_CONVERSION = YES;
				CLANG_WARN_INFINITE_RECURSION = YES;
				CLANG_WARN_INT_CONVERSION = YES;
				CLANG_WARN_OBJC_ROOT_CLASS = YES_ERROR;
				CLANG_WARN_SUSPICIOUS_MOVE = YES;
				CLANG_WARN_UNREACHABLE_CODE = YES;
				CLANG_WARN__DUPLICATE_METHOD_MATCH = YES;
				"CODE_SIGN_IDENTITY[sdk=iphoneos*]" = "iPhone Developer";
				COPY_PHASE_STRIP = NO;
				DEBUG_INFORMATION_FORMAT = dwarf;
				ENABLE_STRICT_OBJC_MSGSEND = YES;
				ENABLE_TESTABILITY = YES;
				GCC_C_LANGUAGE_STANDARD = gnu99;
				GCC_DYNAMIC_NO_PIC = NO;
				GCC_NO_COMMON_BLOCKS = YES;
				GCC_OPTIMIZATION_LEVEL = 0;
				GCC_PREPROCESSOR_DEFINITIONS = (
					"DEBUG=1",
					"$(inherited)",
				);
				GCC_WARN_64_TO_32_BIT_CONVERSION = YES;
				GCC_WARN_ABOUT_RETURN_TYPE = YES_ERROR;
				GCC_WARN_UNDECLARED_SELECTOR = YES;
				GCC_WARN_UNINITIALIZED_AUTOS = YES_AGGRESSIVE;
				GCC_WARN_UNUSED_FUNCTION = YES;
				GCC_WARN_UNUSED_VARIABLE = YES;
				IPHONEOS_DEPLOYMENT_TARGET = 10.3;
				MTL_ENABLE_DEBUG_INFO = YES;
				ONLY_ACTIVE_ARCH = YES;
				SDKROOT = iphoneos;
				SWIFT_ACTIVE_COMPILATION_CONDITIONS = DEBUG;
				SWIFT_OPTIMIZATION_LEVEL = "-Onone";
			};
			name = Debug;
		};
		313C067C1F098DA100BEA738 /* Release */ = {
			isa = XCBuildConfiguration;
			buildSettings = {
				ALWAYS_SEARCH_USER_PATHS = NO;
				CLANG_ANALYZER_NONNULL = YES;
				CLANG_ANALYZER_NUMBER_OBJECT_CONVERSION = YES_AGGRESSIVE;
				CLANG_CXX_LANGUAGE_STANDARD = "gnu++0x";
				CLANG_CXX_LIBRARY = "libc++";
				CLANG_ENABLE_MODULES = YES;
				CLANG_ENABLE_OBJC_ARC = YES;
				CLANG_WARN_BOOL_CONVERSION = YES;
				CLANG_WARN_CONSTANT_CONVERSION = YES;
				CLANG_WARN_DIRECT_OBJC_ISA_USAGE = YES_ERROR;
				CLANG_WARN_DOCUMENTATION_COMMENTS = YES;
				CLANG_WARN_EMPTY_BODY = YES;
				CLANG_WARN_ENUM_CONVERSION = YES;
				CLANG_WARN_INFINITE_RECURSION = YES;
				CLANG_WARN_INT_CONVERSION = YES;
				CLANG_WARN_OBJC_ROOT_CLASS = YES_ERROR;
				CLANG_WARN_SUSPICIOUS_MOVE = YES;
				CLANG_WARN_UNREACHABLE_CODE = YES;
				CLANG_WARN__DUPLICATE_METHOD_MATCH = YES;
				"CODE_SIGN_IDENTITY[sdk=iphoneos*]" = "iPhone Developer";
				COPY_PHASE_STRIP = NO;
				DEBUG_INFORMATION_FORMAT = "dwarf-with-dsym";
				ENABLE_NS_ASSERTIONS = NO;
				ENABLE_STRICT_OBJC_MSGSEND = YES;
				GCC_C_LANGUAGE_STANDARD = gnu99;
				GCC_NO_COMMON_BLOCKS = YES;
				GCC_WARN_64_TO_32_BIT_CONVERSION = YES;
				GCC_WARN_ABOUT_RETURN_TYPE = YES_ERROR;
				GCC_WARN_UNDECLARED_SELECTOR = YES;
				GCC_WARN_UNINITIALIZED_AUTOS = YES_AGGRESSIVE;
				GCC_WARN_UNUSED_FUNCTION = YES;
				GCC_WARN_UNUSED_VARIABLE = YES;
				IPHONEOS_DEPLOYMENT_TARGET = 10.3;
				MTL_ENABLE_DEBUG_INFO = NO;
				SDKROOT = iphoneos;
				SWIFT_OPTIMIZATION_LEVEL = "-Owholemodule";
				VALIDATE_PRODUCT = YES;
			};
			name = Release;
		};
		313C067E1F098DA100BEA738 /* Debug */ = {
			isa = XCBuildConfiguration;
			buildSettings = {
				ASSETCATALOG_COMPILER_APPICON_NAME = AppIcon;
				DEVELOPMENT_TEAM = GVBKTM899S;
				INFOPLIST_FILE = nestedStackViews/Info.plist;
				LD_RUNPATH_SEARCH_PATHS = "$(inherited) @executable_path/Frameworks";
				PRODUCT_BUNDLE_IDENTIFIER = com.dqd.nestedStackViews;
				PRODUCT_NAME = "$(TARGET_NAME)";
				SWIFT_VERSION = 3.0;
			};
			name = Debug;
		};
		313C067F1F098DA100BEA738 /* Release */ = {
			isa = XCBuildConfiguration;
			buildSettings = {
				ASSETCATALOG_COMPILER_APPICON_NAME = AppIcon;
				DEVELOPMENT_TEAM = GVBKTM899S;
				INFOPLIST_FILE = nestedStackViews/Info.plist;
				LD_RUNPATH_SEARCH_PATHS = "$(inherited) @executable_path/Frameworks";
				PRODUCT_BUNDLE_IDENTIFIER = com.dqd.nestedStackViews;
				PRODUCT_NAME = "$(TARGET_NAME)";
				SWIFT_VERSION = 3.0;
			};
			name = Release;
		};
/* End XCBuildConfiguration section */

/* Begin XCConfigurationList section */
		313C06661F098DA100BEA738 /* Build configuration list for PBXProject "nestedStackViews" */ = {
			isa = XCConfigurationList;
			buildConfigurations = (
				313C067B1F098DA100BEA738 /* Debug */,
				313C067C1F098DA100BEA738 /* Release */,
			);
			defaultConfigurationIsVisible = 0;
			defaultConfigurationName = Release;
		};
		313C067D1F098DA100BEA738 /* Build configuration list for PBXNativeTarget "nestedStackViews" */ = {
			isa = XCConfigurationList;
			buildConfigurations = (
				313C067E1F098DA100BEA738 /* Debug */,
				313C067F1F098DA100BEA738 /* Release */,
			);
			defaultConfigurationIsVisible = 0;
		};
/* End XCConfigurationList section */
	};
	rootObject = 313C06631F098DA100BEA738 /* Project object */;
}
